
Microsoft Visual Studio Solution File, Format Version 12.00
# Visual Studio Version 17
VisualStudioVersion = 17.11.35312.102
MinimumVisualStudioVersion = 10.0.40219.1
Project("{FAE04EC0-301F-11D3-BF4B-00C04F79EFBC}") = "Model", "..\Modal\Model.csproj", "{99C16DED-4338-4845-9029-403FCBCFF402}"
EndProject
Project("{FAE04EC0-301F-11D3-BF4B-00C04F79EFBC}") = "Presenter", "..\Presenter\Presenter.csproj", "{D537328D-6FA2-4183-96C9-9B55AF99E9D2}"
EndProject
Project("{FAE04EC0-301F-11D3-BF4B-00C04F79EFBC}") = "Shared", "..\Shared\Shared.csproj", "{81201125-2733-4415-B150-7485EDFDF81F}"
EndProject
Project("{FAE04EC0-301F-11D3-BF4B-00C04F79EFBC}") = "View", "..\View\View.csproj", "{C5CDC9C7-2D5D-494F-9C62-1D71DEB51E3C}"
EndProject
Project("{FAE04EC0-301F-11D3-BF4B-00C04F79EFBC}") = "Formus", "..\Formus\Formus.csproj", "{A9E3677F-8DAB-44A2-801F-B0465029AA7E}"
EndProject
Global
	GlobalSection(SolutionConfigurationPlatforms) = preSolution
		Debug|Any CPU = Debug|Any CPU
		Release|Any CPU = Release|Any CPU
	EndGlobalSection
	GlobalSection(ProjectConfigurationPlatforms) = postSolution
		{99C16DED-4338-4845-9029-403FCBCFF402}.Debug|Any CPU.ActiveCfg = Debug|Any CPU
		{99C16DED-4338-4845-9029-403FCBCFF402}.Debug|Any CPU.Build.0 = Debug|Any CPU
		{99C16DED-4338-4845-9029-403FCBCFF402}.Release|Any CPU.ActiveCfg = Release|Any CPU
		{99C16DED-4338-4845-9029-403FCBCFF402}.Release|Any CPU.Build.0 = Release|Any CPU
		{D537328D-6FA2-4183-96C9-9B55AF99E9D2}.Debug|Any CPU.ActiveCfg = Debug|Any CPU
		{D537328D-6FA2-4183-96C9-9B55AF99E9D2}.Debug|Any CPU.Build.0 = Debug|Any CPU
		{D537328D-6FA2-4183-96C9-9B55AF99E9D2}.Release|Any CPU.ActiveCfg = Release|Any CPU
		{D537328D-6FA2-4183-96C9-9B55AF99E9D2}.Release|Any CPU.Build.0 = Release|Any CPU
		{81201125-2733-4415-B150-7485EDFDF81F}.Debug|Any CPU.ActiveCfg = Debug|Any CPU
		{81201125-2733-4415-B150-7485EDFDF81F}.Debug|Any CPU.Build.0 = Debug|Any CPU
		{81201125-2733-4415-B150-7485EDFDF81F}.Release|Any CPU.ActiveCfg = Release|Any CPU
		{81201125-2733-4415-B150-7485EDFDF81F}.Release|Any CPU.Build.0 = Release|Any CPU
		{C5CDC9C7-2D5D-494F-9C62-1D71DEB51E3C}.Debug|Any CPU.ActiveCfg = Debug|Any CPU
		{C5CDC9C7-2D5D-494F-9C62-1D71DEB51E3C}.Debug|Any CPU.Build.0 = Debug|Any CPU
		{C5CDC9C7-2D5D-494F-9C62-1D71DEB51E3C}.Release|Any CPU.ActiveCfg = Release|Any CPU
		{C5CDC9C7-2D5D-494F-9C62-1D71DEB51E3C}.Release|Any CPU.Build.0 = Release|Any CPU
		{A9E3677F-8DAB-44A2-801F-B0465029AA7E}.Debug|Any CPU.ActiveCfg = Debug|Any CPU
		{A9E3677F-8DAB-44A2-801F-B0465029AA7E}.Debug|Any CPU.Build.0 = Debug|Any CPU
		{A9E3677F-8DAB-44A2-801F-B0465029AA7E}.Release|Any CPU.ActiveCfg = Release|Any CPU
		{A9E3677F-8DAB-44A2-801F-B0465029AA7E}.Release|Any CPU.Build.0 = Release|Any CPU
	EndGlobalSection
	GlobalSection(SolutionProperties) = preSolution
		HideSolutionNode = FALSE
	EndGlobalSection
	GlobalSection(ExtensibilityGlobals) = postSolution
		SolutionGuid = {DE99CB6B-B1A2-435A-A979-A4E3245082A5}
	EndGlobalSection
EndGlobal
